
Microsoft Visual Studio Solution File, Format Version 12.00
# Visual Studio Version 17
VisualStudioVersion = 17.1.32210.238
MinimumVisualStudioVersion = 10.0.40219.1
Project("{FAE04EC0-301F-11D3-BF4B-00C04F79EFBC}") = "RabbitMQ", "RabbitMQ\RabbitMQ.csproj", "{1660AB5B-20F1-49D0-9F52-805B5FEF38A2}"
EndProject
Project("{FAE04EC0-301F-11D3-BF4B-00C04F79EFBC}") = "Order_Processing", "Order_Processing\Order_Processing.csproj", "{35D29B29-1E0F-4933-B2A3-042AAABA00E6}"
EndProject
Global
	GlobalSection(SolutionConfigurationPlatforms) = preSolution
		Debug|Any CPU = Debug|Any CPU
		Release|Any CPU = Release|Any CPU
	EndGlobalSection
	GlobalSection(ProjectConfigurationPlatforms) = postSolution
		{1660AB5B-20F1-49D0-9F52-805B5FEF38A2}.Debug|Any CPU.ActiveCfg = Debug|Any CPU
		{1660AB5B-20F1-49D0-9F52-805B5FEF38A2}.Debug|Any CPU.Build.0 = Debug|Any CPU
		{1660AB5B-20F1-49D0-9F52-805B5FEF38A2}.Release|Any CPU.ActiveCfg = Release|Any CPU
		{1660AB5B-20F1-49D0-9F52-805B5FEF38A2}.Release|Any CPU.Build.0 = Release|Any CPU
		{35D29B29-1E0F-4933-B2A3-042AAABA00E6}.Debug|Any CPU.ActiveCfg = Debug|Any CPU
		{35D29B29-1E0F-4933-B2A3-042AAABA00E6}.Debug|Any CPU.Build.0 = Debug|Any CPU
		{35D29B29-1E0F-4933-B2A3-042AAABA00E6}.Release|Any CPU.ActiveCfg = Release|Any CPU
		{35D29B29-1E0F-4933-B2A3-042AAABA00E6}.Release|Any CPU.Build.0 = Release|Any CPU
	EndGlobalSection
	GlobalSection(SolutionProperties) = preSolution
		HideSolutionNode = FALSE
	EndGlobalSection
	GlobalSection(ExtensibilityGlobals) = postSolution
		SolutionGuid = {BE03CDE2-D59D-469D-A50A-DE441DAAC268}
	EndGlobalSection
EndGlobal
